
Microsoft Visual Studio Solution File, Format Version 12.00
# Visual Studio 15
VisualStudioVersion = 15.0.28010.2036
MinimumVisualStudioVersion = 10.0.40219.1
Project("{FAE04EC0-301F-11D3-BF4B-00C04F79EFBC}") = "Program1", "Program1\Program1.csproj", "{4D36238A-E70B-49F0-997A-1828B08B7358}"
EndProject
Project("{FAE04EC0-301F-11D3-BF4B-00C04F79EFBC}") = "Program2", "Program2\Program2.csproj", "{9686483E-3E2E-4CA7-9899-A2C8D2A82C5C}"
EndProject
Project("{FAE04EC0-301F-11D3-BF4B-00C04F79EFBC}") = "Program3", "Program3\Program3.csproj", "{CFA6DA6A-1F5F-4179-91DA-0FCF744B2B49}"
EndProject
Global
	GlobalSection(SolutionConfigurationPlatforms) = preSolution
		Debug|Any CPU = Debug|Any CPU
		Release|Any CPU = Release|Any CPU
	EndGlobalSection
	GlobalSection(ProjectConfigurationPlatforms) = postSolution
		{4D36238A-E70B-49F0-997A-1828B08B7358}.Debug|Any CPU.ActiveCfg = Debug|Any CPU
		{4D36238A-E70B-49F0-997A-1828B08B7358}.Debug|Any CPU.Build.0 = Debug|Any CPU
		{4D36238A-E70B-49F0-997A-1828B08B7358}.Release|Any CPU.ActiveCfg = Release|Any CPU
		{4D36238A-E70B-49F0-997A-1828B08B7358}.Release|Any CPU.Build.0 = Release|Any CPU
		{9686483E-3E2E-4CA7-9899-A2C8D2A82C5C}.Debug|Any CPU.ActiveCfg = Debug|Any CPU
		{9686483E-3E2E-4CA7-9899-A2C8D2A82C5C}.Debug|Any CPU.Build.0 = Debug|Any CPU
		{9686483E-3E2E-4CA7-9899-A2C8D2A82C5C}.Release|Any CPU.ActiveCfg = Release|Any CPU
		{9686483E-3E2E-4CA7-9899-A2C8D2A82C5C}.Release|Any CPU.Build.0 = Release|Any CPU
		{CFA6DA6A-1F5F-4179-91DA-0FCF744B2B49}.Debug|Any CPU.ActiveCfg = Debug|Any CPU
		{CFA6DA6A-1F5F-4179-91DA-0FCF744B2B49}.Debug|Any CPU.Build.0 = Debug|Any CPU
		{CFA6DA6A-1F5F-4179-91DA-0FCF744B2B49}.Release|Any CPU.ActiveCfg = Release|Any CPU
		{CFA6DA6A-1F5F-4179-91DA-0FCF744B2B49}.Release|Any CPU.Build.0 = Release|Any CPU
	EndGlobalSection
	GlobalSection(SolutionProperties) = preSolution
		HideSolutionNode = FALSE
	EndGlobalSection
	GlobalSection(ExtensibilityGlobals) = postSolution
		SolutionGuid = {0FEB42F6-A9D7-4869-966A-6C65BC18DE9C}
	EndGlobalSection
EndGlobal
