
Microsoft Visual Studio Solution File, Format Version 12.00
# Visual Studio 15
VisualStudioVersion = 15.0.28010.2036
MinimumVisualStudioVersion = 10.0.40219.1
Project("{FAE04EC0-301F-11D3-BF4B-00C04F79EFBC}") = "Program1", "Program1\Program1.csproj", "{493AACAE-9DA7-41F7-A2D2-96721CC98EF5}"
EndProject
Project("{FAE04EC0-301F-11D3-BF4B-00C04F79EFBC}") = "Program2", "Program2\Program2.csproj", "{50D9B5AD-7834-4B50-BDCA-6CAC5E12161A}"
EndProject
Global
	GlobalSection(SolutionConfigurationPlatforms) = preSolution
		Debug|Any CPU = Debug|Any CPU
		Release|Any CPU = Release|Any CPU
	EndGlobalSection
	GlobalSection(ProjectConfigurationPlatforms) = postSolution
		{493AACAE-9DA7-41F7-A2D2-96721CC98EF5}.Debug|Any CPU.ActiveCfg = Debug|Any CPU
		{493AACAE-9DA7-41F7-A2D2-96721CC98EF5}.Debug|Any CPU.Build.0 = Debug|Any CPU
		{493AACAE-9DA7-41F7-A2D2-96721CC98EF5}.Release|Any CPU.ActiveCfg = Release|Any CPU
		{493AACAE-9DA7-41F7-A2D2-96721CC98EF5}.Release|Any CPU.Build.0 = Release|Any CPU
		{50D9B5AD-7834-4B50-BDCA-6CAC5E12161A}.Debug|Any CPU.ActiveCfg = Debug|Any CPU
		{50D9B5AD-7834-4B50-BDCA-6CAC5E12161A}.Debug|Any CPU.Build.0 = Debug|Any CPU
		{50D9B5AD-7834-4B50-BDCA-6CAC5E12161A}.Release|Any CPU.ActiveCfg = Release|Any CPU
		{50D9B5AD-7834-4B50-BDCA-6CAC5E12161A}.Release|Any CPU.Build.0 = Release|Any CPU
	EndGlobalSection
	GlobalSection(SolutionProperties) = preSolution
		HideSolutionNode = FALSE
	EndGlobalSection
	GlobalSection(ExtensibilityGlobals) = postSolution
		SolutionGuid = {74957978-ED48-46F3-A866-6F08A9C23200}
	EndGlobalSection
EndGlobal
